
Microsoft Visual Studio Solution File, Format Version 12.00
Project("{FAE04EC0-301F-11D3-BF4B-00C04F79EFBC}") = "OAuth2HttpClient", "OAuth2HttpClient\OAuth2HttpClient.csproj", "{7109E6CE-EF92-46AE-B7D0-EA9CC153297C}"
EndProject
Global
	GlobalSection(SolutionConfigurationPlatforms) = preSolution
		Debug|Any CPU = Debug|Any CPU
		Release|Any CPU = Release|Any CPU
	EndGlobalSection
	GlobalSection(ProjectConfigurationPlatforms) = postSolution
		{7109E6CE-EF92-46AE-B7D0-EA9CC153297C}.Debug|Any CPU.ActiveCfg = Debug|Any CPU
		{7109E6CE-EF92-46AE-B7D0-EA9CC153297C}.Debug|Any CPU.Build.0 = Debug|Any CPU
		{7109E6CE-EF92-46AE-B7D0-EA9CC153297C}.Release|Any CPU.ActiveCfg = Release|Any CPU
		{7109E6CE-EF92-46AE-B7D0-EA9CC153297C}.Release|Any CPU.Build.0 = Release|Any CPU
	EndGlobalSection
EndGlobal
